
Microsoft Visual Studio Solution File, Format Version 12.00
# Visual Studio Version 17
VisualStudioVersion = 17.11.35327.3
MinimumVisualStudioVersion = 10.0.40219.1
Project("{9A19103F-16F7-4668-BE54-9A1E7A4F7556}") = "EMC.BuildingBlocks", "EMC.BuildingBlocks.csproj", "{CFFBDD86-0B3B-4011-9B0E-285F12A42346}"
EndProject
Global
	GlobalSection(SolutionConfigurationPlatforms) = preSolution
		Debug|Any CPU = Debug|Any CPU
		Release|Any CPU = Release|Any CPU
	EndGlobalSection
	GlobalSection(ProjectConfigurationPlatforms) = postSolution
		{CFFBDD86-0B3B-4011-9B0E-285F12A42346}.Debug|Any CPU.ActiveCfg = Debug|Any CPU
		{CFFBDD86-0B3B-4011-9B0E-285F12A42346}.Debug|Any CPU.Build.0 = Debug|Any CPU
		{CFFBDD86-0B3B-4011-9B0E-285F12A42346}.Release|Any CPU.ActiveCfg = Release|Any CPU
		{CFFBDD86-0B3B-4011-9B0E-285F12A42346}.Release|Any CPU.Build.0 = Release|Any CPU
	EndGlobalSection
	GlobalSection(SolutionProperties) = preSolution
		HideSolutionNode = FALSE
	EndGlobalSection
	GlobalSection(ExtensibilityGlobals) = postSolution
		SolutionGuid = {2C8DD2D9-A59A-4565-8D47-5CB2A76B137F}
	EndGlobalSection
EndGlobal
